// !$*UTF8*$!
{
	archiveVersion = 1;
	classes = {
	};
	objectVersion = 56;
	objects = {

/* Begin PBXBuildFile section */
		84C2F0BD29DACEF600C154CF /* FrameworkTitleView.swift in Sources */ = {isa = PBXBuildFile; fileRef = 84C2F0BC29DACEF600C154CF /* FrameworkTitleView.swift */; };
		84C2F0BF29DACFE200C154CF /* XDismissButton.swift in Sources */ = {isa = PBXBuildFile; fileRef = 84C2F0BE29DACFE200C154CF /* XDismissButton.swift */; };
		84E0442129D2B12E006BB385 /* FrameworkGridViewModel.swift in Sources */ = {isa = PBXBuildFile; fileRef = 84E0442029D2B12E006BB385 /* FrameworkGridViewModel.swift */; };
		84E0442329D2B6AE006BB385 /* FrameworkDetailView.swift in Sources */ = {isa = PBXBuildFile; fileRef = 84E0442229D2B6AE006BB385 /* FrameworkDetailView.swift */; };
		84E0442529D57489006BB385 /* AFButton.swift in Sources */ = {isa = PBXBuildFile; fileRef = 84E0442429D57489006BB385 /* AFButton.swift */; };
		84E0442729D58879006BB385 /* SafariView.swift in Sources */ = {isa = PBXBuildFile; fileRef = 84E0442629D58879006BB385 /* SafariView.swift */; };
		84EEB46C29CAF88700C55F81 /* Apple_FrameworksApp.swift in Sources */ = {isa = PBXBuildFile; fileRef = 84EEB46B29CAF88700C55F81 /* Apple_FrameworksApp.swift */; };
		84EEB47029CAF88800C55F81 /* Assets.xcassets in Resources */ = {isa = PBXBuildFile; fileRef = 84EEB46F29CAF88800C55F81 /* Assets.xcassets */; };
		84EEB47329CAF88800C55F81 /* Preview Assets.xcassets in Resources */ = {isa = PBXBuildFile; fileRef = 84EEB47229CAF88800C55F81 /* Preview Assets.xcassets */; };
		84EEB47A29CAF8F100C55F81 /* Framework.swift in Sources */ = {isa = PBXBuildFile; fileRef = 84EEB47929CAF8F100C55F81 /* Framework.swift */; };
		84EEB47C29CAFCE600C55F81 /* FrameworkGridView.swift in Sources */ = {isa = PBXBuildFile; fileRef = 84EEB47B29CAFCE600C55F81 /* FrameworkGridView.swift */; };
/* End PBXBuildFile section */

/* Begin PBXFileReference section */
		84C2F0BC29DACEF600C154CF /* FrameworkTitleView.swift */ = {isa = PBXFileReference; lastKnownFileType = sourcecode.swift; path = FrameworkTitleView.swift; sourceTree = "<group>"; };
		84C2F0BE29DACFE200C154CF /* XDismissButton.swift */ = {isa = PBXFileReference; lastKnownFileType = sourcecode.swift; path = XDismissButton.swift; sourceTree = "<group>"; };
		84E0442029D2B12E006BB385 /* FrameworkGridViewModel.swift */ = {isa = PBXFileReference; lastKnownFileType = sourcecode.swift; path = FrameworkGridViewModel.swift; sourceTree = "<group>"; };
		84E0442229D2B6AE006BB385 /* FrameworkDetailView.swift */ = {isa = PBXFileReference; lastKnownFileType = sourcecode.swift; path = FrameworkDetailView.swift; sourceTree = "<group>"; };
		84E0442429D57489006BB385 /* AFButton.swift */ = {isa = PBXFileReference; lastKnownFileType = sourcecode.swift; path = AFButton.swift; sourceTree = "<group>"; };
		84E0442629D58879006BB385 /* SafariView.swift */ = {isa = PBXFileReference; lastKnownFileType = sourcecode.swift; path = SafariView.swift; sourceTree = "<group>"; };
		84EEB46829CAF88700C55F81 /* Apple-Frameworks.app */ = {isa = PBXFileReference; explicitFileType = wrapper.application; includeInIndex = 0; path = "Apple-Frameworks.app"; sourceTree = BUILT_PRODUCTS_DIR; };
		84EEB46B29CAF88700C55F81 /* Apple_FrameworksApp.swift */ = {isa = PBXFileReference; lastKnownFileType = sourcecode.swift; path = Apple_FrameworksApp.swift; sourceTree = "<group>"; };
		84EEB46F29CAF88800C55F81 /* Assets.xcassets */ = {isa = PBXFileReference; lastKnownFileType = folder.assetcatalog; path = Assets.xcassets; sourceTree = "<group>"; };
		84EEB47229CAF88800C55F81 /* Preview Assets.xcassets */ = {isa = PBXFileReference; lastKnownFileType = folder.assetcatalog; path = "Preview Assets.xcassets"; sourceTree = "<group>"; };
		84EEB47929CAF8F100C55F81 /* Framework.swift */ = {isa = PBXFileReference; lastKnownFileType = sourcecode.swift; path = Framework.swift; sourceTree = "<group>"; };
		84EEB47B29CAFCE600C55F81 /* FrameworkGridView.swift */ = {isa = PBXFileReference; lastKnownFileType = sourcecode.swift; path = FrameworkGridView.swift; sourceTree = "<group>"; };
/* End PBXFileReference section */

/* Begin PBXFrameworksBuildPhase section */
		84EEB46529CAF88700C55F81 /* Frameworks */ = {
			isa = PBXFrameworksBuildPhase;
			buildActionMask = 2147483647;
			files = (
			);
			runOnlyForDeploymentPostprocessing = 0;
		};
/* End PBXFrameworksBuildPhase section */

/* Begin PBXGroup section */
		84C2F0C029DAD3CA00C154CF /* Screens */ = {
			isa = PBXGroup;
			children = (
				84C2F0C129DAD3D600C154CF /* FrameworkGridView */,
				84C2F0C229DAD40300C154CF /* FrameworkDetailView */,
			);
			path = Screens;
			sourceTree = "<group>";
		};
		84C2F0C129DAD3D600C154CF /* FrameworkGridView */ = {
			isa = PBXGroup;
			children = (
				84EEB47B29CAFCE600C55F81 /* FrameworkGridView.swift */,
				84E0442029D2B12E006BB385 /* FrameworkGridViewModel.swift */,
			);
			path = FrameworkGridView;
			sourceTree = "<group>";
		};
		84C2F0C229DAD40300C154CF /* FrameworkDetailView */ = {
			isa = PBXGroup;
			children = (
				84E0442229D2B6AE006BB385 /* FrameworkDetailView.swift */,
			);
			path = FrameworkDetailView;
			sourceTree = "<group>";
		};
		84C2F0C329DAD42900C154CF /* Model */ = {
			isa = PBXGroup;
			children = (
				84EEB47929CAF8F100C55F81 /* Framework.swift */,
			);
			path = Model;
			sourceTree = "<group>";
		};
		84C2F0C429DAD45200C154CF /* Views */ = {
			isa = PBXGroup;
			children = (
				84C2F0C629DAD47E00C154CF /* View */,
				84C2F0C529DAD45E00C154CF /* Buttons */,
			);
			path = Views;
			sourceTree = "<group>";
		};
		84C2F0C529DAD45E00C154CF /* Buttons */ = {
			isa = PBXGroup;
			children = (
				84C2F0BE29DACFE200C154CF /* XDismissButton.swift */,
				84E0442429D57489006BB385 /* AFButton.swift */,
			);
			path = Buttons;
			sourceTree = "<group>";
		};
		84C2F0C629DAD47E00C154CF /* View */ = {
			isa = PBXGroup;
			children = (
				84C2F0BC29DACEF600C154CF /* FrameworkTitleView.swift */,
			);
			path = View;
			sourceTree = "<group>";
		};
		84C2F0C729DAD4C900C154CF /* UIKit-Components */ = {
			isa = PBXGroup;
			children = (
				84E0442629D58879006BB385 /* SafariView.swift */,
			);
			path = "UIKit-Components";
			sourceTree = "<group>";
		};
		84EEB45F29CAF88700C55F81 = {
			isa = PBXGroup;
			children = (
				84EEB46A29CAF88700C55F81 /* Apple-Frameworks */,
				84EEB46929CAF88700C55F81 /* Products */,
			);
			sourceTree = "<group>";
		};
		84EEB46929CAF88700C55F81 /* Products */ = {
			isa = PBXGroup;
			children = (
				84EEB46829CAF88700C55F81 /* Apple-Frameworks.app */,
			);
			name = Products;
			sourceTree = "<group>";
		};
		84EEB46A29CAF88700C55F81 /* Apple-Frameworks */ = {
			isa = PBXGroup;
			children = (
				84C2F0C729DAD4C900C154CF /* UIKit-Components */,
				84C2F0C429DAD45200C154CF /* Views */,
				84C2F0C329DAD42900C154CF /* Model */,
				84C2F0C029DAD3CA00C154CF /* Screens */,
				84EEB46B29CAF88700C55F81 /* Apple_FrameworksApp.swift */,
				84EEB46F29CAF88800C55F81 /* Assets.xcassets */,
				84EEB47129CAF88800C55F81 /* Preview Content */,
			);
			path = "Apple-Frameworks";
			sourceTree = "<group>";
		};
		84EEB47129CAF88800C55F81 /* Preview Content */ = {
			isa = PBXGroup;
			children = (
				84EEB47229CAF88800C55F81 /* Preview Assets.xcassets */,
			);
			path = "Preview Content";
			sourceTree = "<group>";
		};
/* End PBXGroup section */

/* Begin PBXNativeTarget section */
		84EEB46729CAF88700C55F81 /* Apple-Frameworks */ = {
			isa = PBXNativeTarget;
			buildConfigurationList = 84EEB47629CAF88800C55F81 /* Build configuration list for PBXNativeTarget "Apple-Frameworks" */;
			buildPhases = (
				84EEB46429CAF88700C55F81 /* Sources */,
				84EEB46529CAF88700C55F81 /* Frameworks */,
				84EEB46629CAF88700C55F81 /* Resources */,
			);
			buildRules = (
			);
			dependencies = (
			);
			name = "Apple-Frameworks";
			productName = "Apple-Frameworks";
			productReference = 84EEB46829CAF88700C55F81 /* Apple-Frameworks.app */;
			productType = "com.apple.product-type.application";
		};
/* End PBXNativeTarget section */

/* Begin PBXProject section */
		84EEB46029CAF88700C55F81 /* Project object */ = {
			isa = PBXProject;
			attributes = {
				BuildIndependentTargetsInParallel = 1;
				LastSwiftUpdateCheck = 1420;
				LastUpgradeCheck = 1420;
				TargetAttributes = {
					84EEB46729CAF88700C55F81 = {
						CreatedOnToolsVersion = 14.2;
					};
				};
			};
			buildConfigurationList = 84EEB46329CAF88700C55F81 /* Build configuration list for PBXProject "Apple-Frameworks" */;
			compatibilityVersion = "Xcode 14.0";
			developmentRegion = en;
			hasScannedForEncodings = 0;
			knownRegions = (
				en,
				Base,
			);
			mainGroup = 84EEB45F29CAF88700C55F81;
			productRefGroup = 84EEB46929CAF88700C55F81 /* Products */;
			projectDirPath = "";
			projectRoot = "";
			targets = (
				84EEB46729CAF88700C55F81 /* Apple-Frameworks */,
			);
		};
/* End PBXProject section */

/* Begin PBXResourcesBuildPhase section */
		84EEB46629CAF88700C55F81 /* Resources */ = {
			isa = PBXResourcesBuildPhase;
			buildActionMask = 2147483647;
			files = (
				84EEB47329CAF88800C55F81 /* Preview Assets.xcassets in Resources */,
				84EEB47029CAF88800C55F81 /* Assets.xcassets in Resources */,
			);
			runOnlyForDeploymentPostprocessing = 0;
		};
/* End PBXResourcesBuildPhase section */

/* Begin PBXSourcesBuildPhase section */
		84EEB46429CAF88700C55F81 /* Sources */ = {
			isa = PBXSourcesBuildPhase;
			buildActionMask = 2147483647;
			files = (
				84EEB47A29CAF8F100C55F81 /* Framework.swift in Sources */,
				84E0442329D2B6AE006BB385 /* FrameworkDetailView.swift in Sources */,
				84C2F0BF29DACFE200C154CF /* XDismissButton.swift in Sources */,
				84EEB46C29CAF88700C55F81 /* Apple_FrameworksApp.swift in Sources */,
				84EEB47C29CAFCE600C55F81 /* FrameworkGridView.swift in Sources */,
				84E0442529D57489006BB385 /* AFButton.swift in Sources */,
				84E0442129D2B12E006BB385 /* FrameworkGridViewModel.swift in Sources */,
				84C2F0BD29DACEF600C154CF /* FrameworkTitleView.swift in Sources */,
				84E0442729D58879006BB385 /* SafariView.swift in Sources */,
			);
			runOnlyForDeploymentPostprocessing = 0;
		};
/* End PBXSourcesBuildPhase section */

/* Begin XCBuildConfiguration section */
		84EEB47429CAF88800C55F81 /* Debug */ = {
			isa = XCBuildConfiguration;
			buildSettings = {
				ALWAYS_SEARCH_USER_PATHS = NO;
				CLANG_ANALYZER_NONNULL = YES;
				CLANG_ANALYZER_NUMBER_OBJECT_CONVERSION = YES_AGGRESSIVE;
				CLANG_CXX_LANGUAGE_STANDARD = "gnu++20";
				CLANG_ENABLE_MODULES = YES;
				CLANG_ENABLE_OBJC_ARC = YES;
				CLANG_ENABLE_OBJC_WEAK = YES;
				CLANG_WARN_BLOCK_CAPTURE_AUTORELEASING = YES;
				CLANG_WARN_BOOL_CONVERSION = YES;
				CLANG_WARN_COMMA = YES;
				CLANG_WARN_CONSTANT_CONVERSION = YES;
				CLANG_WARN_DEPRECATED_OBJC_IMPLEMENTATIONS = YES;
				CLANG_WARN_DIRECT_OBJC_ISA_USAGE = YES_ERROR;
				CLANG_WARN_DOCUMENTATION_COMMENTS = YES;
				CLANG_WARN_EMPTY_BODY = YES;
				CLANG_WARN_ENUM_CONVERSION = YES;
				CLANG_WARN_INFINITE_RECURSION = YES;
				CLANG_WARN_INT_CONVERSION = YES;
				CLANG_WARN_NON_LITERAL_NULL_CONVERSION = YES;
				CLANG_WARN_OBJC_IMPLICIT_RETAIN_SELF = YES;
				CLANG_WARN_OBJC_LITERAL_CONVERSION = YES;
				CLANG_WARN_OBJC_ROOT_CLASS = YES_ERROR;
				CLANG_WARN_QUOTED_INCLUDE_IN_FRAMEWORK_HEADER = YES;
				CLANG_WARN_RANGE_LOOP_ANALYSIS = YES;
				CLANG_WARN_STRICT_PROTOTYPES = YES;
				CLANG_WARN_SUSPICIOUS_MOVE = YES;
				CLANG_WARN_UNGUARDED_AVAILABILITY = YES_AGGRESSIVE;
				CLANG_WARN_UNREACHABLE_CODE = YES;
				CLANG_WARN__DUPLICATE_METHOD_MATCH = YES;
				COPY_PHASE_STRIP = NO;
				DEBUG_INFORMATION_FORMAT = dwarf;
				ENABLE_STRICT_OBJC_MSGSEND = YES;
				ENABLE_TESTABILITY = YES;
				GCC_C_LANGUAGE_STANDARD = gnu11;
				GCC_DYNAMIC_NO_PIC = NO;
				GCC_NO_COMMON_BLOCKS = YES;
				GCC_OPTIMIZATION_LEVEL = 0;
				GCC_PREPROCESSOR_DEFINITIONS = (
					"DEBUG=1",
					"$(inherited)",
				);
				GCC_WARN_64_TO_32_BIT_CONVERSION = YES;
				GCC_WARN_ABOUT_RETURN_TYPE = YES_ERROR;
				GCC_WARN_UNDECLARED_SELECTOR = YES;
				GCC_WARN_UNINITIALIZED_AUTOS = YES_AGGRESSIVE;
				GCC_WARN_UNUSED_FUNCTION = YES;
				GCC_WARN_UNUSED_VARIABLE = YES;
				IPHONEOS_DEPLOYMENT_TARGET = 16.2;
				MTL_ENABLE_DEBUG_INFO = INCLUDE_SOURCE;
				MTL_FAST_MATH = YES;
				ONLY_ACTIVE_ARCH = YES;
				SDKROOT = iphoneos;
				SWIFT_ACTIVE_COMPILATION_CONDITIONS = DEBUG;
				SWIFT_OPTIMIZATION_LEVEL = "-Onone";
			};
			name = Debug;
		};
		84EEB47529CAF88800C55F81 /* Release */ = {
			isa = XCBuildConfiguration;
			buildSettings = {
				ALWAYS_SEARCH_USER_PATHS = NO;
				CLANG_ANALYZER_NONNULL = YES;
				CLANG_ANALYZER_NUMBER_OBJECT_CONVERSION = YES_AGGRESSIVE;
				CLANG_CXX_LANGUAGE_STANDARD = "gnu++20";
				CLANG_ENABLE_MODULES = YES;
				CLANG_ENABLE_OBJC_ARC = YES;
				CLANG_ENABLE_OBJC_WEAK = YES;
				CLANG_WARN_BLOCK_CAPTURE_AUTORELEASING = YES;
				CLANG_WARN_BOOL_CONVERSION = YES;
				CLANG_WARN_COMMA = YES;
				CLANG_WARN_CONSTANT_CONVERSION = YES;
				CLANG_WARN_DEPRECATED_OBJC_IMPLEMENTATIONS = YES;
				CLANG_WARN_DIRECT_OBJC_ISA_USAGE = YES_ERROR;
				CLANG_WARN_DOCUMENTATION_COMMENTS = YES;
				CLANG_WARN_EMPTY_BODY = YES;
				CLANG_WARN_ENUM_CONVERSION = YES;
				CLANG_WARN_INFINITE_RECURSION = YES;
				CLANG_WARN_INT_CONVERSION = YES;
				CLANG_WARN_NON_LITERAL_NULL_CONVERSION = YES;
				CLANG_WARN_OBJC_IMPLICIT_RETAIN_SELF = YES;
				CLANG_WARN_OBJC_LITERAL_CONVERSION = YES;
				CLANG_WARN_OBJC_ROOT_CLASS = YES_ERROR;
				CLANG_WARN_QUOTED_INCLUDE_IN_FRAMEWORK_HEADER = YES;
				CLANG_WARN_RANGE_LOOP_ANALYSIS = YES;
				CLANG_WARN_STRICT_PROTOTYPES = YES;
				CLANG_WARN_SUSPICIOUS_MOVE = YES;
				CLANG_WARN_UNGUARDED_AVAILABILITY = YES_AGGRESSIVE;
				CLANG_WARN_UNREACHABLE_CODE = YES;
				CLANG_WARN__DUPLICATE_METHOD_MATCH = YES;
				COPY_PHASE_STRIP = NO;
				DEBUG_INFORMATION_FORMAT = "dwarf-with-dsym";
				ENABLE_NS_ASSERTIONS = NO;
				ENABLE_STRICT_OBJC_MSGSEND = YES;
				GCC_C_LANGUAGE_STANDARD = gnu11;
				GCC_NO_COMMON_BLOCKS = YES;
				GCC_WARN_64_TO_32_BIT_CONVERSION = YES;
				GCC_WARN_ABOUT_RETURN_TYPE = YES_ERROR;
				GCC_WARN_UNDECLARED_SELECTOR = YES;
				GCC_WARN_UNINITIALIZED_AUTOS = YES_AGGRESSIVE;
				GCC_WARN_UNUSED_FUNCTION = YES;
				GCC_WARN_UNUSED_VARIABLE = YES;
				IPHONEOS_DEPLOYMENT_TARGET = 16.2;
				MTL_ENABLE_DEBUG_INFO = NO;
				MTL_FAST_MATH = YES;
				SDKROOT = iphoneos;
				SWIFT_COMPILATION_MODE = wholemodule;
				SWIFT_OPTIMIZATION_LEVEL = "-O";
				VALIDATE_PRODUCT = YES;
			};
			name = Release;
		};
		84EEB47729CAF88800C55F81 /* Debug */ = {
			isa = XCBuildConfiguration;
			buildSettings = {
				ASSETCATALOG_COMPILER_APPICON_NAME = AppIcon;
				ASSETCATALOG_COMPILER_GLOBAL_ACCENT_COLOR_NAME = AccentColor;
				CODE_SIGN_STYLE = Automatic;
				CURRENT_PROJECT_VERSION = 1;
				DEVELOPMENT_ASSET_PATHS = "\"Apple-Frameworks/Preview Content\"";
				ENABLE_PREVIEWS = YES;
				GENERATE_INFOPLIST_FILE = YES;
				INFOPLIST_KEY_UIApplicationSceneManifest_Generation = YES;
				INFOPLIST_KEY_UIApplicationSupportsIndirectInputEvents = YES;
				INFOPLIST_KEY_UILaunchScreen_Generation = YES;
				INFOPLIST_KEY_UISupportedInterfaceOrientations_iPad = "UIInterfaceOrientationPortrait UIInterfaceOrientationPortraitUpsideDown UIInterfaceOrientationLandscapeLeft UIInterfaceOrientationLandscapeRight";
				INFOPLIST_KEY_UISupportedInterfaceOrientations_iPhone = "UIInterfaceOrientationPortrait UIInterfaceOrientationLandscapeLeft UIInterfaceOrientationLandscapeRight";
				LD_RUNPATH_SEARCH_PATHS = (
					"$(inherited)",
					"@executable_path/Frameworks",
				);
				MARKETING_VERSION = 1.0;
				PRODUCT_BUNDLE_IDENTIFIER = "com.tanjilanur.Apple-Frameworks";
				PRODUCT_NAME = "$(TARGET_NAME)";
				SWIFT_EMIT_LOC_STRINGS = YES;
				SWIFT_VERSION = 5.0;
				TARGETED_DEVICE_FAMILY = "1,2";
			};
			name = Debug;
		};
		84EEB47829CAF88800C55F81 /* Release */ = {
			isa = XCBuildConfiguration;
			buildSettings = {
				ASSETCATALOG_COMPILER_APPICON_NAME = AppIcon;
				ASSETCATALOG_COMPILER_GLOBAL_ACCENT_COLOR_NAME = AccentColor;
				CODE_SIGN_STYLE = Automatic;
				CURRENT_PROJECT_VERSION = 1;
				DEVELOPMENT_ASSET_PATHS = "\"Apple-Frameworks/Preview Content\"";
				ENABLE_PREVIEWS = YES;
				GENERATE_INFOPLIST_FILE = YES;
				INFOPLIST_KEY_UIApplicationSceneManifest_Generation = YES;
				INFOPLIST_KEY_UIApplicationSupportsIndirectInputEvents = YES;
				INFOPLIST_KEY_UILaunchScreen_Generation = YES;
				INFOPLIST_KEY_UISupportedInterfaceOrientations_iPad = "UIInterfaceOrientationPortrait UIInterfaceOrientationPortraitUpsideDown UIInterfaceOrientationLandscapeLeft UIInterfaceOrientationLandscapeRight";
				INFOPLIST_KEY_UISupportedInterfaceOrientations_iPhone = "UIInterfaceOrientationPortrait UIInterfaceOrientationLandscapeLeft UIInterfaceOrientationLandscapeRight";
				LD_RUNPATH_SEARCH_PATHS = (
					"$(inherited)",
					"@executable_path/Frameworks",
				);
				MARKETING_VERSION = 1.0;
				PRODUCT_BUNDLE_IDENTIFIER = "com.tanjilanur.Apple-Frameworks";
				PRODUCT_NAME = "$(TARGET_NAME)";
				SWIFT_EMIT_LOC_STRINGS = YES;
				SWIFT_VERSION = 5.0;
				TARGETED_DEVICE_FAMILY = "1,2";
			};
			name = Release;
		};
/* End XCBuildConfiguration section */

/* Begin XCConfigurationList section */
		84EEB46329CAF88700C55F81 /* Build configuration list for PBXProject "Apple-Frameworks" */ = {
			isa = XCConfigurationList;
			buildConfigurations = (
				84EEB47429CAF88800C55F81 /* Debug */,
				84EEB47529CAF88800C55F81 /* Release */,
			);
			defaultConfigurationIsVisible = 0;
			defaultConfigurationName = Release;
		};
		84EEB47629CAF88800C55F81 /* Build configuration list for PBXNativeTarget "Apple-Frameworks" */ = {
			isa = XCConfigurationList;
			buildConfigurations = (
				84EEB47729CAF88800C55F81 /* Debug */,
				84EEB47829CAF88800C55F81 /* Release */,
			);
			defaultConfigurationIsVisible = 0;
			defaultConfigurationName = Release;
		};
/* End XCConfigurationList section */
	};
	rootObject = 84EEB46029CAF88700C55F81 /* Project object */;
}
